
Microsoft Visual Studio Solution File, Format Version 12.00
# Visual Studio Version 17
VisualStudioVersion = 17.0.31903.59
MinimumVisualStudioVersion = 10.0.40219.1
Project("{6EC3EE1D-3C4E-46DD-8F32-0CC8E7565705}") = "FizzBuzz.ConsoleUI", "FizzBuzz.ConsoleUI\FizzBuzz.ConsoleUI.fsproj", "{D34F6062-F396-4235-9A4C-421418F47CB7}"
EndProject
Project("{6EC3EE1D-3C4E-46DD-8F32-0CC8E7565705}") = "FizzBuzz", "FizzBuzz\FizzBuzz.fsproj", "{3E0978F4-D4F1-4D7A-B04B-92D6EAF16529}"
EndProject
Project("{F2A71F9B-5D33-465A-A702-920D77279786}") = "FizzBuzz.CleanCLI", "FizzBuzz.CleanCLI\FizzBuzz.CleanCLI.fsproj", "{1F1B070B-250A-4BE1-8C8D-7F2F0313AA0C}"
EndProject
Project("{F2A71F9B-5D33-465A-A702-920D77279786}") = "FSharpTutorial", "FSharpTutorial\FSharpTutorial.fsproj", "{5C3F5DA2-5109-452D-9091-C3A6F8DAF680}"
EndProject
Global
	GlobalSection(SolutionConfigurationPlatforms) = preSolution
		Debug|Any CPU = Debug|Any CPU
		Release|Any CPU = Release|Any CPU
	EndGlobalSection
	GlobalSection(ProjectConfigurationPlatforms) = postSolution
		{D34F6062-F396-4235-9A4C-421418F47CB7}.Debug|Any CPU.ActiveCfg = Debug|Any CPU
		{D34F6062-F396-4235-9A4C-421418F47CB7}.Debug|Any CPU.Build.0 = Debug|Any CPU
		{D34F6062-F396-4235-9A4C-421418F47CB7}.Release|Any CPU.ActiveCfg = Release|Any CPU
		{D34F6062-F396-4235-9A4C-421418F47CB7}.Release|Any CPU.Build.0 = Release|Any CPU
		{3E0978F4-D4F1-4D7A-B04B-92D6EAF16529}.Debug|Any CPU.ActiveCfg = Debug|Any CPU
		{3E0978F4-D4F1-4D7A-B04B-92D6EAF16529}.Debug|Any CPU.Build.0 = Debug|Any CPU
		{3E0978F4-D4F1-4D7A-B04B-92D6EAF16529}.Release|Any CPU.ActiveCfg = Release|Any CPU
		{3E0978F4-D4F1-4D7A-B04B-92D6EAF16529}.Release|Any CPU.Build.0 = Release|Any CPU
		{1F1B070B-250A-4BE1-8C8D-7F2F0313AA0C}.Debug|Any CPU.ActiveCfg = Debug|Any CPU
		{1F1B070B-250A-4BE1-8C8D-7F2F0313AA0C}.Debug|Any CPU.Build.0 = Debug|Any CPU
		{1F1B070B-250A-4BE1-8C8D-7F2F0313AA0C}.Release|Any CPU.ActiveCfg = Release|Any CPU
		{1F1B070B-250A-4BE1-8C8D-7F2F0313AA0C}.Release|Any CPU.Build.0 = Release|Any CPU
		{5C3F5DA2-5109-452D-9091-C3A6F8DAF680}.Debug|Any CPU.ActiveCfg = Debug|Any CPU
		{5C3F5DA2-5109-452D-9091-C3A6F8DAF680}.Debug|Any CPU.Build.0 = Debug|Any CPU
		{5C3F5DA2-5109-452D-9091-C3A6F8DAF680}.Release|Any CPU.ActiveCfg = Release|Any CPU
		{5C3F5DA2-5109-452D-9091-C3A6F8DAF680}.Release|Any CPU.Build.0 = Release|Any CPU
	EndGlobalSection
	GlobalSection(SolutionProperties) = preSolution
		HideSolutionNode = FALSE
	EndGlobalSection
	GlobalSection(ExtensibilityGlobals) = postSolution
		SolutionGuid = {C8DB6514-53AC-4CBC-A816-DE1D37748D23}
	EndGlobalSection
EndGlobal
